
Microsoft Visual Studio Solution File, Format Version 12.00
# Visual Studio Version 17
VisualStudioVersion = 17.8.34525.116
MinimumVisualStudioVersion = 10.0.40219.1
Project("{FAE04EC0-301F-11D3-BF4B-00C04F79EFBC}") = "RaffleApi", "RaffleApi\RaffleApi.csproj", "{0843FC26-C71A-4DCC-9E18-1DC423FBA70B}"
EndProject
Global
	GlobalSection(SolutionConfigurationPlatforms) = preSolution
		Debug|Any CPU = Debug|Any CPU
		Release|Any CPU = Release|Any CPU
	EndGlobalSection
	GlobalSection(ProjectConfigurationPlatforms) = postSolution
		{0843FC26-C71A-4DCC-9E18-1DC423FBA70B}.Debug|Any CPU.ActiveCfg = Debug|Any CPU
		{0843FC26-C71A-4DCC-9E18-1DC423FBA70B}.Debug|Any CPU.Build.0 = Debug|Any CPU
		{0843FC26-C71A-4DCC-9E18-1DC423FBA70B}.Release|Any CPU.ActiveCfg = Release|Any CPU
		{0843FC26-C71A-4DCC-9E18-1DC423FBA70B}.Release|Any CPU.Build.0 = Release|Any CPU
	EndGlobalSection
	GlobalSection(SolutionProperties) = preSolution
		HideSolutionNode = FALSE
	EndGlobalSection
	GlobalSection(ExtensibilityGlobals) = postSolution
		SolutionGuid = {5AD4F6A4-3D77-40EE-8151-0D57B3118FB7}
	EndGlobalSection
EndGlobal
